
Microsoft Visual Studio Solution File, Format Version 12.00
# Visual Studio Version 16
VisualStudioVersion = 16.0.29009.5
MinimumVisualStudioVersion = 10.0.40219.1
Project("{FAE04EC0-301F-11D3-BF4B-00C04F79EFBC}") = "AjaxCRUD_Operations", "AjaxCRUD_Operations\AjaxCRUD_Operations.csproj", "{7C9D7D55-0D86-4050-97AB-072321692D4B}"
EndProject
Global
	GlobalSection(SolutionConfigurationPlatforms) = preSolution
		Debug|Any CPU = Debug|Any CPU
		Release|Any CPU = Release|Any CPU
	EndGlobalSection
	GlobalSection(ProjectConfigurationPlatforms) = postSolution
		{7C9D7D55-0D86-4050-97AB-072321692D4B}.Debug|Any CPU.ActiveCfg = Debug|Any CPU
		{7C9D7D55-0D86-4050-97AB-072321692D4B}.Debug|Any CPU.Build.0 = Debug|Any CPU
		{7C9D7D55-0D86-4050-97AB-072321692D4B}.Release|Any CPU.ActiveCfg = Release|Any CPU
		{7C9D7D55-0D86-4050-97AB-072321692D4B}.Release|Any CPU.Build.0 = Release|Any CPU
	EndGlobalSection
	GlobalSection(SolutionProperties) = preSolution
		HideSolutionNode = FALSE
	EndGlobalSection
	GlobalSection(ExtensibilityGlobals) = postSolution
		SolutionGuid = {B4BC5DC3-09F8-4A26-9D55-076AE0BFCB14}
	EndGlobalSection
EndGlobal
